
Microsoft Visual Studio Solution File, Format Version 12.00
# Visual Studio 14
VisualStudioVersion = 14.0.25420.1
MinimumVisualStudioVersion = 10.0.40219.1
Project("{FAE04EC0-301F-11D3-BF4B-00C04F79EFBC}") = "Model", "Model\Model.csproj", "{100FF6D6-3C1D-4EAE-BF01-16F10ADC72D2}"
EndProject
Project("{FAE04EC0-301F-11D3-BF4B-00C04F79EFBC}") = "Api", "Api\Api.csproj", "{671A8A5F-A7F1-4710-96F8-3B820D8D9DC8}"
EndProject
Project("{FAE04EC0-301F-11D3-BF4B-00C04F79EFBC}") = "Service", "Service\Service.csproj", "{78782CA0-424F-4E46-960F-EC43F138C78D}"
EndProject
Global
	GlobalSection(SolutionConfigurationPlatforms) = preSolution
		Debug|Any CPU = Debug|Any CPU
		Release|Any CPU = Release|Any CPU
	EndGlobalSection
	GlobalSection(ProjectConfigurationPlatforms) = postSolution
		{100FF6D6-3C1D-4EAE-BF01-16F10ADC72D2}.Debug|Any CPU.ActiveCfg = Debug|Any CPU
		{100FF6D6-3C1D-4EAE-BF01-16F10ADC72D2}.Debug|Any CPU.Build.0 = Debug|Any CPU
		{100FF6D6-3C1D-4EAE-BF01-16F10ADC72D2}.Release|Any CPU.ActiveCfg = Release|Any CPU
		{100FF6D6-3C1D-4EAE-BF01-16F10ADC72D2}.Release|Any CPU.Build.0 = Release|Any CPU
		{671A8A5F-A7F1-4710-96F8-3B820D8D9DC8}.Debug|Any CPU.ActiveCfg = Debug|Any CPU
		{671A8A5F-A7F1-4710-96F8-3B820D8D9DC8}.Debug|Any CPU.Build.0 = Debug|Any CPU
		{671A8A5F-A7F1-4710-96F8-3B820D8D9DC8}.Release|Any CPU.ActiveCfg = Release|Any CPU
		{671A8A5F-A7F1-4710-96F8-3B820D8D9DC8}.Release|Any CPU.Build.0 = Release|Any CPU
		{78782CA0-424F-4E46-960F-EC43F138C78D}.Debug|Any CPU.ActiveCfg = Debug|Any CPU
		{78782CA0-424F-4E46-960F-EC43F138C78D}.Debug|Any CPU.Build.0 = Debug|Any CPU
		{78782CA0-424F-4E46-960F-EC43F138C78D}.Release|Any CPU.ActiveCfg = Release|Any CPU
		{78782CA0-424F-4E46-960F-EC43F138C78D}.Release|Any CPU.Build.0 = Release|Any CPU
	EndGlobalSection
	GlobalSection(SolutionProperties) = preSolution
		HideSolutionNode = FALSE
	EndGlobalSection
EndGlobal
